// !$*UTF8*$!
{
	archiveVersion = 1;
	classes = {
	};
	objectVersion = 46;
	objects = {

/* Begin PBXBuildFile section */
		C47F7DA61D3BD2D200FF80EA /* AppDelegate.swift in Sources */ = {isa = PBXBuildFile; fileRef = C47F7DA51D3BD2D200FF80EA /* AppDelegate.swift */; };
		C47F7DA81D3BD2D200FF80EA /* ViewController.swift in Sources */ = {isa = PBXBuildFile; fileRef = C47F7DA71D3BD2D200FF80EA /* ViewController.swift */; };
		C47F7DAB1D3BD2D200FF80EA /* Main.storyboard in Resources */ = {isa = PBXBuildFile; fileRef = C47F7DA91D3BD2D200FF80EA /* Main.storyboard */; };
		C47F7DAD1D3BD2D200FF80EA /* Assets.xcassets in Resources */ = {isa = PBXBuildFile; fileRef = C47F7DAC1D3BD2D200FF80EA /* Assets.xcassets */; };
		C47F7DB01D3BD2D200FF80EA /* LaunchScreen.storyboard in Resources */ = {isa = PBXBuildFile; fileRef = C47F7DAE1D3BD2D200FF80EA /* LaunchScreen.storyboard */; };
/* End PBXBuildFile section */

/* Begin PBXFileReference section */
		C47F7DA21D3BD2D200FF80EA /* Private Security Detail.app */ = {isa = PBXFileReference; explicitFileType = wrapper.application; includeInIndex = 0; path = "Private Security Detail.app"; sourceTree = BUILT_PRODUCTS_DIR; };
		C47F7DA51D3BD2D200FF80EA /* AppDelegate.swift */ = {isa = PBXFileReference; lastKnownFileType = sourcecode.swift; path = AppDelegate.swift; sourceTree = "<group>"; };
		C47F7DA71D3BD2D200FF80EA /* ViewController.swift */ = {isa = PBXFileReference; lastKnownFileType = sourcecode.swift; path = ViewController.swift; sourceTree = "<group>"; };
		C47F7DAA1D3BD2D200FF80EA /* Base */ = {isa = PBXFileReference; lastKnownFileType = file.storyboard; name = Base; path = Base.lproj/Main.storyboard; sourceTree = "<group>"; };
		C47F7DAC1D3BD2D200FF80EA /* Assets.xcassets */ = {isa = PBXFileReference; lastKnownFileType = folder.assetcatalog; path = Assets.xcassets; sourceTree = "<group>"; };
		C47F7DAF1D3BD2D200FF80EA /* Base */ = {isa = PBXFileReference; lastKnownFileType = file.storyboard; name = Base; path = Base.lproj/LaunchScreen.storyboard; sourceTree = "<group>"; };
		C47F7DB11D3BD2D200FF80EA /* Info.plist */ = {isa = PBXFileReference; lastKnownFileType = text.plist.xml; path = Info.plist; sourceTree = "<group>"; };
/* End PBXFileReference section */

/* Begin PBXFrameworksBuildPhase section */
		C47F7D9F1D3BD2D200FF80EA /* Frameworks */ = {
			isa = PBXFrameworksBuildPhase;
			buildActionMask = 2147483647;
			files = (
			);
			runOnlyForDeploymentPostprocessing = 0;
		};
/* End PBXFrameworksBuildPhase section */

/* Begin PBXGroup section */
		C47F7D991D3BD2D200FF80EA = {
			isa = PBXGroup;
			children = (
				C47F7DA41D3BD2D200FF80EA /* Private Security Detail */,
				C47F7DA31D3BD2D200FF80EA /* Products */,
			);
			sourceTree = "<group>";
		};
		C47F7DA31D3BD2D200FF80EA /* Products */ = {
			isa = PBXGroup;
			children = (
				C47F7DA21D3BD2D200FF80EA /* Private Security Detail.app */,
			);
			name = Products;
			sourceTree = "<group>";
		};
		C47F7DA41D3BD2D200FF80EA /* Private Security Detail */ = {
			isa = PBXGroup;
			children = (
				C47F7DA51D3BD2D200FF80EA /* AppDelegate.swift */,
				C47F7DA71D3BD2D200FF80EA /* ViewController.swift */,
				C47F7DA91D3BD2D200FF80EA /* Main.storyboard */,
				C47F7DAC1D3BD2D200FF80EA /* Assets.xcassets */,
				C47F7DAE1D3BD2D200FF80EA /* LaunchScreen.storyboard */,
				C47F7DB11D3BD2D200FF80EA /* Info.plist */,
			);
			path = "Private Security Detail";
			sourceTree = "<group>";
		};
/* End PBXGroup section */

/* Begin PBXNativeTarget section */
		C47F7DA11D3BD2D200FF80EA /* Private Security Detail */ = {
			isa = PBXNativeTarget;
			buildConfigurationList = C47F7DB41D3BD2D200FF80EA /* Build configuration list for PBXNativeTarget "Private Security Detail" */;
			buildPhases = (
				C47F7D9E1D3BD2D200FF80EA /* Sources */,
				C47F7D9F1D3BD2D200FF80EA /* Frameworks */,
				C47F7DA01D3BD2D200FF80EA /* Resources */,
			);
			buildRules = (
			);
			dependencies = (
			);
			name = "Private Security Detail";
			productName = "Private Security Detail";
			productReference = C47F7DA21D3BD2D200FF80EA /* Private Security Detail.app */;
			productType = "com.apple.product-type.application";
		};
/* End PBXNativeTarget section */

/* Begin PBXProject section */
		C47F7D9A1D3BD2D200FF80EA /* Project object */ = {
			isa = PBXProject;
			attributes = {
				LastSwiftUpdateCheck = 0730;
				LastUpgradeCheck = 0730;
				ORGANIZATIONNAME = "Jimmy Shaw";
				TargetAttributes = {
					C47F7DA11D3BD2D200FF80EA = {
						CreatedOnToolsVersion = 7.3.1;
					};
				};
			};
			buildConfigurationList = C47F7D9D1D3BD2D200FF80EA /* Build configuration list for PBXProject "Private Security Detail" */;
			compatibilityVersion = "Xcode 3.2";
			developmentRegion = English;
			hasScannedForEncodings = 0;
			knownRegions = (
				en,
				Base,
			);
			mainGroup = C47F7D991D3BD2D200FF80EA;
			productRefGroup = C47F7DA31D3BD2D200FF80EA /* Products */;
			projectDirPath = "";
			projectRoot = "";
			targets = (
				C47F7DA11D3BD2D200FF80EA /* Private Security Detail */,
			);
		};
/* End PBXProject section */

/* Begin PBXResourcesBuildPhase section */
		C47F7DA01D3BD2D200FF80EA /* Resources */ = {
			isa = PBXResourcesBuildPhase;
			buildActionMask = 2147483647;
			files = (
				C47F7DB01D3BD2D200FF80EA /* LaunchScreen.storyboard in Resources */,
				C47F7DAD1D3BD2D200FF80EA /* Assets.xcassets in Resources */,
				C47F7DAB1D3BD2D200FF80EA /* Main.storyboard in Resources */,
			);
			runOnlyForDeploymentPostprocessing = 0;
		};
/* End PBXResourcesBuildPhase section */

/* Begin PBXSourcesBuildPhase section */
		C47F7D9E1D3BD2D200FF80EA /* Sources */ = {
			isa = PBXSourcesBuildPhase;
			buildActionMask = 2147483647;
			files = (
				C47F7DA81D3BD2D200FF80EA /* ViewController.swift in Sources */,
				C47F7DA61D3BD2D200FF80EA /* AppDelegate.swift in Sources */,
			);
			runOnlyForDeploymentPostprocessing = 0;
		};
/* End PBXSourcesBuildPhase section */

/* Begin PBXVariantGroup section */
		C47F7DA91D3BD2D200FF80EA /* Main.storyboard */ = {
			isa = PBXVariantGroup;
			children = (
				C47F7DAA1D3BD2D200FF80EA /* Base */,
			);
			name = Main.storyboard;
			sourceTree = "<group>";
		};
		C47F7DAE1D3BD2D200FF80EA /* LaunchScreen.storyboard */ = {
			isa = PBXVariantGroup;
			children = (
				C47F7DAF1D3BD2D200FF80EA /* Base */,
			);
			name = LaunchScreen.storyboard;
			sourceTree = "<group>";
		};
/* End PBXVariantGroup section */

/* Begin XCBuildConfiguration section */
		C47F7DB21D3BD2D200FF80EA /* Debug */ = {
			isa = XCBuildConfiguration;
			buildSettings = {
				ALWAYS_SEARCH_USER_PATHS = NO;
				CLANG_ANALYZER_NONNULL = YES;
				CLANG_CXX_LANGUAGE_STANDARD = "gnu++0x";
				CLANG_CXX_LIBRARY = "libc++";
				CLANG_ENABLE_MODULES = YES;
				CLANG_ENABLE_OBJC_ARC = YES;
				CLANG_WARN_BOOL_CONVERSION = YES;
				CLANG_WARN_CONSTANT_CONVERSION = YES;
				CLANG_WARN_DIRECT_OBJC_ISA_USAGE = YES_ERROR;
				CLANG_WARN_EMPTY_BODY = YES;
				CLANG_WARN_ENUM_CONVERSION = YES;
				CLANG_WARN_INT_CONVERSION = YES;
				CLANG_WARN_OBJC_ROOT_CLASS = YES_ERROR;
				CLANG_WARN_UNREACHABLE_CODE = YES;
				CLANG_WARN__DUPLICATE_METHOD_MATCH = YES;
				"CODE_SIGN_IDENTITY[sdk=iphoneos*]" = "iPhone Developer";
				COPY_PHASE_STRIP = NO;
				DEBUG_INFORMATION_FORMAT = dwarf;
				ENABLE_STRICT_OBJC_MSGSEND = YES;
				ENABLE_TESTABILITY = YES;
				GCC_C_LANGUAGE_STANDARD = gnu99;
				GCC_DYNAMIC_NO_PIC = NO;
				GCC_NO_COMMON_BLOCKS = YES;
				GCC_OPTIMIZATION_LEVEL = 0;
				GCC_PREPROCESSOR_DEFINITIONS = (
					"DEBUG=1",
					"$(inherited)",
				);
				GCC_WARN_64_TO_32_BIT_CONVERSION = YES;
				GCC_WARN_ABOUT_RETURN_TYPE = YES_ERROR;
				GCC_WARN_UNDECLARED_SELECTOR = YES;
				GCC_WARN_UNINITIALIZED_AUTOS = YES_AGGRESSIVE;
				GCC_WARN_UNUSED_FUNCTION = YES;
				GCC_WARN_UNUSED_VARIABLE = YES;
				IPHONEOS_DEPLOYMENT_TARGET = 9.3;
				MTL_ENABLE_DEBUG_INFO = YES;
				ONLY_ACTIVE_ARCH = YES;
				SDKROOT = iphoneos;
				SWIFT_OPTIMIZATION_LEVEL = "-Onone";
			};
			name = Debug;
		};
		C47F7DB31D3BD2D200FF80EA /* Release */ = {
			isa = XCBuildConfiguration;
			buildSettings = {
				ALWAYS_SEARCH_USER_PATHS = NO;
				CLANG_ANALYZER_NONNULL = YES;
				CLANG_CXX_LANGUAGE_STANDARD = "gnu++0x";
				CLANG_CXX_LIBRARY = "libc++";
				CLANG_ENABLE_MODULES = YES;
				CLANG_ENABLE_OBJC_ARC = YES;
				CLANG_WARN_BOOL_CONVERSION = YES;
				CLANG_WARN_CONSTANT_CONVERSION = YES;
				CLANG_WARN_DIRECT_OBJC_ISA_USAGE = YES_ERROR;
				CLANG_WARN_EMPTY_BODY = YES;
				CLANG_WARN_ENUM_CONVERSION = YES;
				CLANG_WARN_INT_CONVERSION = YES;
				CLANG_WARN_OBJC_ROOT_CLASS = YES_ERROR;
				CLANG_WARN_UNREACHABLE_CODE = YES;
				CLANG_WARN__DUPLICATE_METHOD_MATCH = YES;
				"CODE_SIGN_IDENTITY[sdk=iphoneos*]" = "iPhone Developer";
				COPY_PHASE_STRIP = NO;
				DEBUG_INFORMATION_FORMAT = "dwarf-with-dsym";
				ENABLE_NS_ASSERTIONS = NO;
				ENABLE_STRICT_OBJC_MSGSEND = YES;
				GCC_C_LANGUAGE_STANDARD = gnu99;
				GCC_NO_COMMON_BLOCKS = YES;
				GCC_WARN_64_TO_32_BIT_CONVERSION = YES;
				GCC_WARN_ABOUT_RETURN_TYPE = YES_ERROR;
				GCC_WARN_UNDECLARED_SELECTOR = YES;
				GCC_WARN_UNINITIALIZED_AUTOS = YES_AGGRESSIVE;
				GCC_WARN_UNUSED_FUNCTION = YES;
				GCC_WARN_UNUSED_VARIABLE = YES;
				IPHONEOS_DEPLOYMENT_TARGET = 9.3;
				MTL_ENABLE_DEBUG_INFO = NO;
				SDKROOT = iphoneos;
				VALIDATE_PRODUCT = YES;
			};
			name = Release;
		};
		C47F7DB51D3BD2D200FF80EA /* Debug */ = {
			isa = XCBuildConfiguration;
			buildSettings = {
				ASSETCATALOG_COMPILER_APPICON_NAME = AppIcon;
				INFOPLIST_FILE = "Private Security Detail/Info.plist";
				LD_RUNPATH_SEARCH_PATHS = "$(inherited) @executable_path/Frameworks";
				PRODUCT_BUNDLE_IDENTIFIER = "me.jimmyshaw.Private-Security-Detail";
				PRODUCT_NAME = "$(TARGET_NAME)";
			};
			name = Debug;
		};
		C47F7DB61D3BD2D200FF80EA /* Release */ = {
			isa = XCBuildConfiguration;
			buildSettings = {
				ASSETCATALOG_COMPILER_APPICON_NAME = AppIcon;
				INFOPLIST_FILE = "Private Security Detail/Info.plist";
				LD_RUNPATH_SEARCH_PATHS = "$(inherited) @executable_path/Frameworks";
				PRODUCT_BUNDLE_IDENTIFIER = "me.jimmyshaw.Private-Security-Detail";
				PRODUCT_NAME = "$(TARGET_NAME)";
			};
			name = Release;
		};
/* End XCBuildConfiguration section */

/* Begin XCConfigurationList section */
		C47F7D9D1D3BD2D200FF80EA /* Build configuration list for PBXProject "Private Security Detail" */ = {
			isa = XCConfigurationList;
			buildConfigurations = (
				C47F7DB21D3BD2D200FF80EA /* Debug */,
				C47F7DB31D3BD2D200FF80EA /* Release */,
			);
			defaultConfigurationIsVisible = 0;
			defaultConfigurationName = Release;
		};
		C47F7DB41D3BD2D200FF80EA /* Build configuration list for PBXNativeTarget "Private Security Detail" */ = {
			isa = XCConfigurationList;
			buildConfigurations = (
				C47F7DB51D3BD2D200FF80EA /* Debug */,
				C47F7DB61D3BD2D200FF80EA /* Release */,
			);
			defaultConfigurationIsVisible = 0;
		};
/* End XCConfigurationList section */
	};
	rootObject = C47F7D9A1D3BD2D200FF80EA /* Project object */;
}
